# This file is automatically @generated by Cargo.
# It is not intended for manual editing.
version = 3

[[package]]
name = "if_chain"
version = "1.0.1"
source = "registry+https://github.com/rust-lang/crates.io-index"
checksum = "1f7280c75fb2e2fc47080ec80ccc481376923acb04501957fc38f935c3de5088"

[[package]]
name = "mini-scheme"
version = "0.1.0"
dependencies = [
 "if_chain",
]

[[package]]
name = "mini-scheme-driver"
version = "0.1.0"
dependencies = [
 "mini-scheme",
]
